
Microsoft Visual Studio Solution File, Format Version 12.00
# Visual Studio 15
VisualStudioVersion = 15.0.27703.2035
MinimumVisualStudioVersion = 10.0.40219.1
Project("{FAE04EC0-301F-11D3-BF4B-00C04F79EFBC}") = "BloodTrace.Android", "BloodTrace\BloodTrace.Android\BloodTrace.Android.csproj", "{B07FC50D-0A0E-4E15-960E-CEC6DB163010}"
EndProject
Project("{FAE04EC0-301F-11D3-BF4B-00C04F79EFBC}") = "BloodTrace.iOS", "BloodTrace\BloodTrace.iOS\BloodTrace.iOS.csproj", "{448C864B-2AFF-4DF6-9756-AF50223A956B}"
EndProject
Project("{FAE04EC0-301F-11D3-BF4B-00C04F79EFBC}") = "BloodTrace", "BloodTrace\BloodTrace\BloodTrace.csproj", "{E94F9AC8-5DB6-468A-96CD-698BB9F4A245}"
EndProject
Global
	GlobalSection(SolutionConfigurationPlatforms) = preSolution
		Ad-Hoc|Any CPU = Ad-Hoc|Any CPU
		Ad-Hoc|iPhone = Ad-Hoc|iPhone
		Ad-Hoc|iPhoneSimulator = Ad-Hoc|iPhoneSimulator
		AppStore|Any CPU = AppStore|Any CPU
		AppStore|iPhone = AppStore|iPhone
		AppStore|iPhoneSimulator = AppStore|iPhoneSimulator
		Debug|Any CPU = Debug|Any CPU
		Debug|iPhone = Debug|iPhone
		Debug|iPhoneSimulator = Debug|iPhoneSimulator
		Release|Any CPU = Release|Any CPU
		Release|iPhone = Release|iPhone
		Release|iPhoneSimulator = Release|iPhoneSimulator
	EndGlobalSection
	GlobalSection(ProjectConfigurationPlatforms) = postSolution
		{B07FC50D-0A0E-4E15-960E-CEC6DB163010}.Ad-Hoc|Any CPU.ActiveCfg = Release|Any CPU
		{B07FC50D-0A0E-4E15-960E-CEC6DB163010}.Ad-Hoc|Any CPU.Build.0 = Release|Any CPU
		{B07FC50D-0A0E-4E15-960E-CEC6DB163010}.Ad-Hoc|Any CPU.Deploy.0 = Release|Any CPU
		{B07FC50D-0A0E-4E15-960E-CEC6DB163010}.Ad-Hoc|iPhone.ActiveCfg = Release|Any CPU
		{B07FC50D-0A0E-4E15-960E-CEC6DB163010}.Ad-Hoc|iPhone.Build.0 = Release|Any CPU
		{B07FC50D-0A0E-4E15-960E-CEC6DB163010}.Ad-Hoc|iPhone.Deploy.0 = Release|Any CPU
		{B07FC50D-0A0E-4E15-960E-CEC6DB163010}.Ad-Hoc|iPhoneSimulator.ActiveCfg = Release|Any CPU
		{B07FC50D-0A0E-4E15-960E-CEC6DB163010}.Ad-Hoc|iPhoneSimulator.Build.0 = Release|Any CPU
		{B07FC50D-0A0E-4E15-960E-CEC6DB163010}.Ad-Hoc|iPhoneSimulator.Deploy.0 = Release|Any CPU
		{B07FC50D-0A0E-4E15-960E-CEC6DB163010}.AppStore|Any CPU.ActiveCfg = Release|Any CPU
		{B07FC50D-0A0E-4E15-960E-CEC6DB163010}.AppStore|Any CPU.Build.0 = Release|Any CPU
		{B07FC50D-0A0E-4E15-960E-CEC6DB163010}.AppStore|Any CPU.Deploy.0 = Release|Any CPU
		{B07FC50D-0A0E-4E15-960E-CEC6DB163010}.AppStore|iPhone.ActiveCfg = Release|Any CPU
		{B07FC50D-0A0E-4E15-960E-CEC6DB163010}.AppStore|iPhone.Build.0 = Release|Any CPU
		{B07FC50D-0A0E-4E15-960E-CEC6DB163010}.AppStore|iPhone.Deploy.0 = Release|Any CPU
		{B07FC50D-0A0E-4E15-960E-CEC6DB163010}.AppStore|iPhoneSimulator.ActiveCfg = Release|Any CPU
		{B07FC50D-0A0E-4E15-960E-CEC6DB163010}.AppStore|iPhoneSimulator.Build.0 = Release|Any CPU
		{B07FC50D-0A0E-4E15-960E-CEC6DB163010}.AppStore|iPhoneSimulator.Deploy.0 = Release|Any CPU
		{B07FC50D-0A0E-4E15-960E-CEC6DB163010}.Debug|Any CPU.ActiveCfg = Debug|Any CPU
		{B07FC50D-0A0E-4E15-960E-CEC6DB163010}.Debug|Any CPU.Build.0 = Debug|Any CPU
		{B07FC50D-0A0E-4E15-960E-CEC6DB163010}.Debug|Any CPU.Deploy.0 = Debug|Any CPU
		{B07FC50D-0A0E-4E15-960E-CEC6DB163010}.Debug|iPhone.ActiveCfg = Debug|Any CPU
		{B07FC50D-0A0E-4E15-960E-CEC6DB163010}.Debug|iPhone.Build.0 = Debug|Any CPU
		{B07FC50D-0A0E-4E15-960E-CEC6DB163010}.Debug|iPhone.Deploy.0 = Debug|Any CPU
		{B07FC50D-0A0E-4E15-960E-CEC6DB163010}.Debug|iPhoneSimulator.ActiveCfg = Debug|Any CPU
		{B07FC50D-0A0E-4E15-960E-CEC6DB163010}.Debug|iPhoneSimulator.Build.0 = Debug|Any CPU
		{B07FC50D-0A0E-4E15-960E-CEC6DB163010}.Debug|iPhoneSimulator.Deploy.0 = Debug|Any CPU
		{B07FC50D-0A0E-4E15-960E-CEC6DB163010}.Release|Any CPU.ActiveCfg = Release|Any CPU
		{B07FC50D-0A0E-4E15-960E-CEC6DB163010}.Release|Any CPU.Build.0 = Release|Any CPU
		{B07FC50D-0A0E-4E15-960E-CEC6DB163010}.Release|Any CPU.Deploy.0 = Release|Any CPU
		{B07FC50D-0A0E-4E15-960E-CEC6DB163010}.Release|iPhone.ActiveCfg = Release|Any CPU
		{B07FC50D-0A0E-4E15-960E-CEC6DB163010}.Release|iPhone.Build.0 = Release|Any CPU
		{B07FC50D-0A0E-4E15-960E-CEC6DB163010}.Release|iPhone.Deploy.0 = Release|Any CPU
		{B07FC50D-0A0E-4E15-960E-CEC6DB163010}.Release|iPhoneSimulator.ActiveCfg = Release|Any CPU
		{B07FC50D-0A0E-4E15-960E-CEC6DB163010}.Release|iPhoneSimulator.Build.0 = Release|Any CPU
		{B07FC50D-0A0E-4E15-960E-CEC6DB163010}.Release|iPhoneSimulator.Deploy.0 = Release|Any CPU
		{448C864B-2AFF-4DF6-9756-AF50223A956B}.Ad-Hoc|Any CPU.ActiveCfg = Ad-Hoc|iPhone
		{448C864B-2AFF-4DF6-9756-AF50223A956B}.Ad-Hoc|Any CPU.Build.0 = Ad-Hoc|iPhone
		{448C864B-2AFF-4DF6-9756-AF50223A956B}.Ad-Hoc|Any CPU.Deploy.0 = Ad-Hoc|iPhone
		{448C864B-2AFF-4DF6-9756-AF50223A956B}.Ad-Hoc|iPhone.ActiveCfg = Ad-Hoc|iPhone
		{448C864B-2AFF-4DF6-9756-AF50223A956B}.Ad-Hoc|iPhone.Build.0 = Ad-Hoc|iPhone
		{448C864B-2AFF-4DF6-9756-AF50223A956B}.Ad-Hoc|iPhone.Deploy.0 = Ad-Hoc|iPhone
		{448C864B-2AFF-4DF6-9756-AF50223A956B}.Ad-Hoc|iPhoneSimulator.ActiveCfg = Ad-Hoc|iPhoneSimulator
		{448C864B-2AFF-4DF6-9756-AF50223A956B}.Ad-Hoc|iPhoneSimulator.Build.0 = Ad-Hoc|iPhoneSimulator
		{448C864B-2AFF-4DF6-9756-AF50223A956B}.Ad-Hoc|iPhoneSimulator.Deploy.0 = Ad-Hoc|iPhoneSimulator
		{448C864B-2AFF-4DF6-9756-AF50223A956B}.AppStore|Any CPU.ActiveCfg = AppStore|iPhone
		{448C864B-2AFF-4DF6-9756-AF50223A956B}.AppStore|Any CPU.Build.0 = AppStore|iPhone
		{448C864B-2AFF-4DF6-9756-AF50223A956B}.AppStore|Any CPU.Deploy.0 = AppStore|iPhone
		{448C864B-2AFF-4DF6-9756-AF50223A956B}.AppStore|iPhone.ActiveCfg = AppStore|iPhone
		{448C864B-2AFF-4DF6-9756-AF50223A956B}.AppStore|iPhone.Build.0 = AppStore|iPhone
		{448C864B-2AFF-4DF6-9756-AF50223A956B}.AppStore|iPhone.Deploy.0 = AppStore|iPhone
		{448C864B-2AFF-4DF6-9756-AF50223A956B}.AppStore|iPhoneSimulator.ActiveCfg = AppStore|iPhoneSimulator
		{448C864B-2AFF-4DF6-9756-AF50223A956B}.AppStore|iPhoneSimulator.Build.0 = AppStore|iPhoneSimulator
		{448C864B-2AFF-4DF6-9756-AF50223A956B}.AppStore|iPhoneSimulator.Deploy.0 = AppStore|iPhoneSimulator
		{448C864B-2AFF-4DF6-9756-AF50223A956B}.Debug|Any CPU.ActiveCfg = Debug|iPhoneSimulator
		{448C864B-2AFF-4DF6-9756-AF50223A956B}.Debug|Any CPU.Build.0 = Debug|iPhoneSimulator
		{448C864B-2AFF-4DF6-9756-AF50223A956B}.Debug|Any CPU.Deploy.0 = Debug|iPhoneSimulator
		{448C864B-2AFF-4DF6-9756-AF50223A956B}.Debug|iPhone.ActiveCfg = Debug|iPhone
		{448C864B-2AFF-4DF6-9756-AF50223A956B}.Debug|iPhone.Build.0 = Debug|iPhone
		{448C864B-2AFF-4DF6-9756-AF50223A956B}.Debug|iPhone.Deploy.0 = Debug|iPhone
		{448C864B-2AFF-4DF6-9756-AF50223A956B}.Debug|iPhoneSimulator.ActiveCfg = Debug|iPhoneSimulator
		{448C864B-2AFF-4DF6-9756-AF50223A956B}.Debug|iPhoneSimulator.Build.0 = Debug|iPhoneSimulator
		{448C864B-2AFF-4DF6-9756-AF50223A956B}.Debug|iPhoneSimulator.Deploy.0 = Debug|iPhoneSimulator
		{448C864B-2AFF-4DF6-9756-AF50223A956B}.Release|Any CPU.ActiveCfg = Release|iPhone
		{448C864B-2AFF-4DF6-9756-AF50223A956B}.Release|Any CPU.Build.0 = Release|iPhone
		{448C864B-2AFF-4DF6-9756-AF50223A956B}.Release|Any CPU.Deploy.0 = Release|iPhone
		{448C864B-2AFF-4DF6-9756-AF50223A956B}.Release|iPhone.ActiveCfg = Release|iPhone
		{448C864B-2AFF-4DF6-9756-AF50223A956B}.Release|iPhone.Build.0 = Release|iPhone
		{448C864B-2AFF-4DF6-9756-AF50223A956B}.Release|iPhone.Deploy.0 = Release|iPhone
		{448C864B-2AFF-4DF6-9756-AF50223A956B}.Release|iPhoneSimulator.ActiveCfg = Release|iPhoneSimulator
		{448C864B-2AFF-4DF6-9756-AF50223A956B}.Release|iPhoneSimulator.Build.0 = Release|iPhoneSimulator
		{448C864B-2AFF-4DF6-9756-AF50223A956B}.Release|iPhoneSimulator.Deploy.0 = Release|iPhoneSimulator
		{E94F9AC8-5DB6-468A-96CD-698BB9F4A245}.Ad-Hoc|Any CPU.ActiveCfg = Debug|Any CPU
		{E94F9AC8-5DB6-468A-96CD-698BB9F4A245}.Ad-Hoc|Any CPU.Build.0 = Debug|Any CPU
		{E94F9AC8-5DB6-468A-96CD-698BB9F4A245}.Ad-Hoc|Any CPU.Deploy.0 = Debug|Any CPU
		{E94F9AC8-5DB6-468A-96CD-698BB9F4A245}.Ad-Hoc|iPhone.ActiveCfg = Debug|Any CPU
		{E94F9AC8-5DB6-468A-96CD-698BB9F4A245}.Ad-Hoc|iPhone.Build.0 = Debug|Any CPU
		{E94F9AC8-5DB6-468A-96CD-698BB9F4A245}.Ad-Hoc|iPhone.Deploy.0 = Debug|Any CPU
		{E94F9AC8-5DB6-468A-96CD-698BB9F4A245}.Ad-Hoc|iPhoneSimulator.ActiveCfg = Debug|Any CPU
		{E94F9AC8-5DB6-468A-96CD-698BB9F4A245}.Ad-Hoc|iPhoneSimulator.Build.0 = Debug|Any CPU
		{E94F9AC8-5DB6-468A-96CD-698BB9F4A245}.Ad-Hoc|iPhoneSimulator.Deploy.0 = Debug|Any CPU
		{E94F9AC8-5DB6-468A-96CD-698BB9F4A245}.AppStore|Any CPU.ActiveCfg = Debug|Any CPU
		{E94F9AC8-5DB6-468A-96CD-698BB9F4A245}.AppStore|Any CPU.Build.0 = Debug|Any CPU
		{E94F9AC8-5DB6-468A-96CD-698BB9F4A245}.AppStore|Any CPU.Deploy.0 = Debug|Any CPU
		{E94F9AC8-5DB6-468A-96CD-698BB9F4A245}.AppStore|iPhone.ActiveCfg = Debug|Any CPU
		{E94F9AC8-5DB6-468A-96CD-698BB9F4A245}.AppStore|iPhone.Build.0 = Debug|Any CPU
		{E94F9AC8-5DB6-468A-96CD-698BB9F4A245}.AppStore|iPhone.Deploy.0 = Debug|Any CPU
		{E94F9AC8-5DB6-468A-96CD-698BB9F4A245}.AppStore|iPhoneSimulator.ActiveCfg = Debug|Any CPU
		{E94F9AC8-5DB6-468A-96CD-698BB9F4A245}.AppStore|iPhoneSimulator.Build.0 = Debug|Any CPU
		{E94F9AC8-5DB6-468A-96CD-698BB9F4A245}.AppStore|iPhoneSimulator.Deploy.0 = Debug|Any CPU
		{E94F9AC8-5DB6-468A-96CD-698BB9F4A245}.Debug|Any CPU.ActiveCfg = Debug|Any CPU
		{E94F9AC8-5DB6-468A-96CD-698BB9F4A245}.Debug|Any CPU.Build.0 = Debug|Any CPU
		{E94F9AC8-5DB6-468A-96CD-698BB9F4A245}.Debug|Any CPU.Deploy.0 = Debug|Any CPU
		{E94F9AC8-5DB6-468A-96CD-698BB9F4A245}.Debug|iPhone.ActiveCfg = Debug|Any CPU
		{E94F9AC8-5DB6-468A-96CD-698BB9F4A245}.Debug|iPhone.Build.0 = Debug|Any CPU
		{E94F9AC8-5DB6-468A-96CD-698BB9F4A245}.Debug|iPhone.Deploy.0 = Debug|Any CPU
		{E94F9AC8-5DB6-468A-96CD-698BB9F4A245}.Debug|iPhoneSimulator.ActiveCfg = Debug|Any CPU
		{E94F9AC8-5DB6-468A-96CD-698BB9F4A245}.Debug|iPhoneSimulator.Build.0 = Debug|Any CPU
		{E94F9AC8-5DB6-468A-96CD-698BB9F4A245}.Debug|iPhoneSimulator.Deploy.0 = Debug|Any CPU
		{E94F9AC8-5DB6-468A-96CD-698BB9F4A245}.Release|Any CPU.ActiveCfg = Release|Any CPU
		{E94F9AC8-5DB6-468A-96CD-698BB9F4A245}.Release|Any CPU.Build.0 = Release|Any CPU
		{E94F9AC8-5DB6-468A-96CD-698BB9F4A245}.Release|Any CPU.Deploy.0 = Release|Any CPU
		{E94F9AC8-5DB6-468A-96CD-698BB9F4A245}.Release|iPhone.ActiveCfg = Release|Any CPU
		{E94F9AC8-5DB6-468A-96CD-698BB9F4A245}.Release|iPhone.Build.0 = Release|Any CPU
		{E94F9AC8-5DB6-468A-96CD-698BB9F4A245}.Release|iPhone.Deploy.0 = Release|Any CPU
		{E94F9AC8-5DB6-468A-96CD-698BB9F4A245}.Release|iPhoneSimulator.ActiveCfg = Release|Any CPU
		{E94F9AC8-5DB6-468A-96CD-698BB9F4A245}.Release|iPhoneSimulator.Build.0 = Release|Any CPU
		{E94F9AC8-5DB6-468A-96CD-698BB9F4A245}.Release|iPhoneSimulator.Deploy.0 = Release|Any CPU
	EndGlobalSection
	GlobalSection(SolutionProperties) = preSolution
		HideSolutionNode = FALSE
	EndGlobalSection
	GlobalSection(ExtensibilityGlobals) = postSolution
		SolutionGuid = {7C4B3765-2A6A-42D5-B8D3-0140E78B175A}
	EndGlobalSection
EndGlobal
